
Microsoft Visual Studio Solution File, Format Version 12.00
# Visual Studio Version 16
VisualStudioVersion = 16.0.29326.143
MinimumVisualStudioVersion = 10.0.40219.1
Project("{FAE04EC0-301F-11D3-BF4B-00C04F79EFBC}") = "Coronavirus_Aplicacion", "Coronavirus_Aplicacion\Coronavirus_Aplicacion.csproj", "{B4CC48B7-9469-492C-B728-1C1376694989}"
EndProject
Global
	GlobalSection(SolutionConfigurationPlatforms) = preSolution
		Debug|Any CPU = Debug|Any CPU
		Release|Any CPU = Release|Any CPU
	EndGlobalSection
	GlobalSection(ProjectConfigurationPlatforms) = postSolution
		{B4CC48B7-9469-492C-B728-1C1376694989}.Debug|Any CPU.ActiveCfg = Debug|Any CPU
		{B4CC48B7-9469-492C-B728-1C1376694989}.Debug|Any CPU.Build.0 = Debug|Any CPU
		{B4CC48B7-9469-492C-B728-1C1376694989}.Release|Any CPU.ActiveCfg = Release|Any CPU
		{B4CC48B7-9469-492C-B728-1C1376694989}.Release|Any CPU.Build.0 = Release|Any CPU
	EndGlobalSection
	GlobalSection(SolutionProperties) = preSolution
		HideSolutionNode = FALSE
	EndGlobalSection
	GlobalSection(ExtensibilityGlobals) = postSolution
		SolutionGuid = {D08C7DDC-2853-4619-96E2-7DFC04BBD299}
	EndGlobalSection
EndGlobal
